
Microsoft Visual Studio Solution File, Format Version 12.00
# Visual Studio Version 17
VisualStudioVersion = 17.4.33213.308
MinimumVisualStudioVersion = 10.0.40219.1
Project("{2150E333-8FDC-42A3-9474-1A3956D46DE8}") = "src", "src", "{D24210B9-42D1-4B5A-866B-D1FBF5B25D47}"
EndProject
Project("{2150E333-8FDC-42A3-9474-1A3956D46DE8}") = "deployments", "deployments", "{FACA0332-0C1A-4C87-9C02-55897AA75B00}"
EndProject
Project("{2150E333-8FDC-42A3-9474-1A3956D46DE8}") = "core", "core", "{E9D7B0D5-DB19-479C-ABFD-96D977C9F21B}"
EndProject
Project("{2150E333-8FDC-42A3-9474-1A3956D46DE8}") = "data", "data", "{F2D2C9F9-8865-43B3-99FD-9FF126A4B073}"
EndProject
Project("{9A19103F-16F7-4668-BE54-9A1E7A4F7556}") = "CloudStreams.Core.Data", "src\core\data\CloudStreams.Core.Data.csproj", "{51E3DC07-AE9C-452E-A5D1-D8D4894B140B}"
EndProject
Project("{2150E333-8FDC-42A3-9474-1A3956D46DE8}") = "infrastructure", "infrastructure", "{F7B0D386-52F4-405A-859A-34EDF3FE5D0E}"
EndProject
Project("{2150E333-8FDC-42A3-9474-1A3956D46DE8}") = "abstractions", "abstractions", "{102D7E82-8D1F-470E-BF12-B7932D2291CF}"
EndProject
Project("{2150E333-8FDC-42A3-9474-1A3956D46DE8}") = "cloud-event-store", "cloud-event-store", "{8E2DE0B4-636E-4C4D-8570-BC482A59E8B5}"
EndProject
Project("{2150E333-8FDC-42A3-9474-1A3956D46DE8}") = "resource-repository", "resource-repository", "{EB392D95-8BC5-465E-A5D5-05F43A95E610}"
EndProject
Project("{2150E333-8FDC-42A3-9474-1A3956D46DE8}") = "schema-registry", "schema-registry", "{8F041CD1-66F5-4F8A-AF93-6D9834F617C6}"
EndProject
Project("{9A19103F-16F7-4668-BE54-9A1E7A4F7556}") = "CloudStreams.Core.Infrastructure.Abstractions", "src\core\infrastructure\abstractions\CloudStreams.Core.Infrastructure.Abstractions.csproj", "{0FF4C650-9B40-4637-9DA5-B5E7CF2FE5C5}"
EndProject
Project("{2150E333-8FDC-42A3-9474-1A3956D46DE8}") = "event-store", "event-store", "{B2DC5002-CF94-4CBC-B4C1-5FF7AFAFFD5C}"
EndProject
Project("{9A19103F-16F7-4668-BE54-9A1E7A4F7556}") = "CloudStreams.Core.Infrastructure.EventSourcing.EventStore", "src\core\infrastructure\event-store\event-store\CloudStreams.Core.Infrastructure.EventSourcing.EventStore.csproj", "{42212A15-E5B6-46B5-9896-CC7D1D889251}"
EndProject
Project("{2150E333-8FDC-42A3-9474-1A3956D46DE8}") = "kubernetes", "kubernetes", "{2534C5EE-B53A-4D5C-AB36-364E664E2E55}"
EndProject
Project("{9A19103F-16F7-4668-BE54-9A1E7A4F7556}") = "CloudStreams.Core.Infrastructure.ResourceRepository.Kubernetes", "src\core\infrastructure\resource-repository\kubernetes\CloudStreams.Core.Infrastructure.ResourceRepository.Kubernetes.csproj", "{327C052F-A44D-473F-B505-C5893DCC3418}"
EndProject
Project("{2150E333-8FDC-42A3-9474-1A3956D46DE8}") = "apicurio", "apicurio", "{866B1A54-C7A6-42A7-AD82-17A87BA70513}"
EndProject
Project("{9A19103F-16F7-4668-BE54-9A1E7A4F7556}") = "CloudStreams.Core.Infrastructure.SchemaRegistry.Apicurio", "src\core\infrastructure\schema-registry\apicurio\CloudStreams.Core.Infrastructure.SchemaRegistry.Apicurio.csproj", "{EE500092-DE09-4E41-BD9C-8C530EE3662E}"
EndProject
Project("{2150E333-8FDC-42A3-9474-1A3956D46DE8}") = "docker-compose", "docker-compose", "{211BD08E-3C3D-4266-B47B-00CD7BBF478C}"
EndProject
Project("{E53339B2-1760-4266-BCC7-CA923CBCF16C}") = "docker-compose", "deployments\docker-compose\docker-compose.dcproj", "{34AE1977-87C8-4257-ABCD-880BD9E7D3C2}"
EndProject
Project("{2150E333-8FDC-42A3-9474-1A3956D46DE8}") = "docs", "docs", "{31946011-9D61-4DBF-A8FF-FAF8A9F45093}"
	ProjectSection(SolutionItems) = preProject
		LICENSE = LICENSE
		README.md = README.md
	EndProjectSection
EndProject
Project("{2150E333-8FDC-42A3-9474-1A3956D46DE8}") = "core", "core", "{1CFFB6A1-8DD0-41E5-8BA8-9533DA397CDA}"
EndProject
Project("{9A19103F-16F7-4668-BE54-9A1E7A4F7556}") = "CloudStreams.Core", "src\core\core\CloudStreams.Core.csproj", "{D0F54049-9AFB-460A-BFA3-EAC378AA6925}"
EndProject
Project("{2150E333-8FDC-42A3-9474-1A3956D46DE8}") = "dashboard", "dashboard", "{6047C994-B153-44A7-AFDC-379DAD8E11C0}"
EndProject
Project("{9A19103F-16F7-4668-BE54-9A1E7A4F7556}") = "CloudStreams.Dashboard", "src\dashboard\ui\CloudStreams.Dashboard.csproj", "{FB765120-7CD4-4E1B-B7BD-32ACC2469894}"
EndProject
Project("{9A19103F-16F7-4668-BE54-9A1E7A4F7556}") = "CloudStreams.Dashboard.StateManagement", "src\dashboard\state-management\CloudStreams.Dashboard.StateManagement.csproj", "{58740BDA-4A4B-4592-B7B1-11327CE08A76}"
EndProject
Project("{2150E333-8FDC-42A3-9474-1A3956D46DE8}") = "gateway", "gateway", "{225747F7-6F94-4A7C-ABD4-5B986C19F7A5}"
EndProject
Project("{2150E333-8FDC-42A3-9474-1A3956D46DE8}") = "api-client", "api-client", "{69C16A4E-CE1B-4EA6-A5E4-015C18624D64}"
EndProject
Project("{2150E333-8FDC-42A3-9474-1A3956D46DE8}") = "api", "api", "{3C5E8431-588E-4096-B2D5-B1E5687B3DF5}"
EndProject
Project("{9A19103F-16F7-4668-BE54-9A1E7A4F7556}") = "CloudStreams.Gateway.Api", "src\gateway\api\CloudStreams.Gateway.Api.csproj", "{E05D0588-D8CA-4FC3-AEC9-3F25050A05E0}"
EndProject
Project("{2150E333-8FDC-42A3-9474-1A3956D46DE8}") = "application", "application", "{6EEC6296-D9BE-45AE-BB75-DB1259C2D24B}"
EndProject
Project("{9A19103F-16F7-4668-BE54-9A1E7A4F7556}") = "CloudStreams.Gateway.Application", "src\gateway\application\CloudStreams.Gateway.Application.csproj", "{05F9A02F-C06E-4D71-B7DF-DD13EBE4A193}"
EndProject
Project("{2150E333-8FDC-42A3-9474-1A3956D46DE8}") = "application", "application", "{79946D6F-C877-449E-BBEB-4C97DFA90E2D}"
EndProject
Project("{9A19103F-16F7-4668-BE54-9A1E7A4F7556}") = "CloudStreams.Core.Application", "src\core\application\CloudStreams.Core.Application.csproj", "{39AEBB8C-43E0-4071-BDD5-26E1D8626132}"
EndProject
Project("{2150E333-8FDC-42A3-9474-1A3956D46DE8}") = "server", "server", "{B390991B-EBB5-4161-B24B-19B60CB05B6B}"
EndProject
Project("{9A19103F-16F7-4668-BE54-9A1E7A4F7556}") = "CloudStreams.Gateway.Api.Server", "src\gateway\server\CloudStreams.Gateway.Api.Server.csproj", "{178B57F3-87CA-4DC1-B8B6-55B2E42078E1}"
EndProject
Project("{2150E333-8FDC-42A3-9474-1A3956D46DE8}") = "broker", "broker", "{B5F5CBFB-D491-48FF-9684-ECA5C2FDC290}"
EndProject
Project("{2150E333-8FDC-42A3-9474-1A3956D46DE8}") = "application", "application", "{D2DC688B-C75D-4021-BA65-1F44661C6FC2}"
EndProject
Project("{9A19103F-16F7-4668-BE54-9A1E7A4F7556}") = "CloudStreams.Broker.Application", "src\broker\application\CloudStreams.Broker.Application.csproj", "{EB0217B6-C170-4B4A-A67A-D5097FC4941F}"
EndProject
Project("{2150E333-8FDC-42A3-9474-1A3956D46DE8}") = "api", "api", "{7341C841-2765-450A-B0EB-A3974A47EDDA}"
EndProject
Project("{9A19103F-16F7-4668-BE54-9A1E7A4F7556}") = "CloudStreams.Broker.Api", "src\broker\api\CloudStreams.Broker.Api.csproj", "{9DFEAB68-FDA1-46A7-AEAD-BD2B5767A384}"
EndProject
Project("{2150E333-8FDC-42A3-9474-1A3956D46DE8}") = "server", "server", "{AED6AC5C-8807-4B8A-809B-92537992E920}"
EndProject
Project("{9A19103F-16F7-4668-BE54-9A1E7A4F7556}") = "CloudStreams.Broker.Api.Server", "src\broker\server\CloudStreams.Broker.Api.Server.csproj", "{19DFB5EA-6063-44FE-8F4F-4343B68594A7}"
EndProject
Project("{2150E333-8FDC-42A3-9474-1A3956D46DE8}") = "api", "api", "{0756DFCB-42B4-464F-A965-13123ABA540A}"
EndProject
Project("{9A19103F-16F7-4668-BE54-9A1E7A4F7556}") = "CloudStreams.Core.Api", "src\core\api\CloudStreams.Core.Api.csproj", "{426C789C-0831-4F8A-A09B-EA9F88057CC7}"
EndProject
Project("{2150E333-8FDC-42A3-9474-1A3956D46DE8}") = "api-client", "api-client", "{6C0CE24E-6D74-4FE7-A5DD-777E659DC408}"
EndProject
Project("{9A19103F-16F7-4668-BE54-9A1E7A4F7556}") = "CloudStreams.Core.Api.Client", "src\core\api-client\CloudStreams.Core.Api.Client.csproj", "{1DDBD79F-5FF8-4998-8D7E-ACFA3B370432}"
EndProject
Project("{9A19103F-16F7-4668-BE54-9A1E7A4F7556}") = "CloudStreams.Gateway.Api.Client", "src\gateway\api-client\CloudStreams.Gateway.Api.Client.csproj", "{C905076E-7613-4DB9-BEC4-B2624A5D77FF}"
EndProject
Project("{2150E333-8FDC-42A3-9474-1A3956D46DE8}") = "resource-management", "resource-management", "{556B2FF2-8D1D-49D2-A63C-94CA541BC594}"
EndProject
Project("{2150E333-8FDC-42A3-9474-1A3956D46DE8}") = "application", "application", "{6E7FAF3B-B44C-4D92-B38B-73F78C1816AB}"
EndProject
Project("{9A19103F-16F7-4668-BE54-9A1E7A4F7556}") = "CloudStreams.ResourceManagement.Application", "src\resource-management\application\CloudStreams.ResourceManagement.Application.csproj", "{4CEE9CDB-7297-4774-990A-40465C1A3AFE}"
EndProject
Project("{2150E333-8FDC-42A3-9474-1A3956D46DE8}") = "api", "api", "{CC8E18D7-0C03-4D27-8F48-C09071E1CCCA}"
EndProject
Project("{9A19103F-16F7-4668-BE54-9A1E7A4F7556}") = "CloudStreams.ResourceManagement.Api", "src\resource-management\api\CloudStreams.ResourceManagement.Api.csproj", "{2F63CA29-855A-4899-A887-7F68C2720677}"
EndProject
Project("{2150E333-8FDC-42A3-9474-1A3956D46DE8}") = "api-client", "api-client", "{D7AFB3DF-575A-458C-837A-9AF6CD2D8167}"
EndProject
Project("{9A19103F-16F7-4668-BE54-9A1E7A4F7556}") = "CloudStreams.ResourceManagement.Api.Client", "src\resource-management\api-client\CloudStreams.ResourceManagement.Api.Client.csproj", "{A407C350-56F4-4BA5-A0BA-2ACF12ED66D6}"
EndProject
Project("{2150E333-8FDC-42A3-9474-1A3956D46DE8}") = "runtime-expressions", "runtime-expressions", "{1E7FEC52-00D2-4CBB-AD47-CFB2AA9AF155}"
EndProject
Project("{9A19103F-16F7-4668-BE54-9A1E7A4F7556}") = "CloudStreams.Core.Infrastructure.RuntimeExpressions.JQ", "src\core\infrastructure\runtime-expressions\jq\CloudStreams.Core.Infrastructure.RuntimeExpressions.JQ.csproj", "{D3FDA6BC-A9D7-444F-9EE0-82300D4E9CC4}"
EndProject
Project("{2150E333-8FDC-42A3-9474-1A3956D46DE8}") = "solution", "solution", "{F63E157B-202B-46BA-8893-A01D39C66BFE}"
	ProjectSection(SolutionItems) = preProject
		.editorconfig = .editorconfig
	EndProjectSection
EndProject
Project("{9A19103F-16F7-4668-BE54-9A1E7A4F7556}") = "CloudStreams.Core.Infrastructure.RuntimeExpressions.JavaScript", "src\core\infrastructure\runtime-expressions\javascript\CloudStreams.Core.Infrastructure.RuntimeExpressions.JavaScript.csproj", "{785EA5C9-7CF5-42CA-A01A-8B5BF0C150F6}"
EndProject
Global
	GlobalSection(SolutionConfigurationPlatforms) = preSolution
		Debug|Any CPU = Debug|Any CPU
		Release|Any CPU = Release|Any CPU
	EndGlobalSection
	GlobalSection(ProjectConfigurationPlatforms) = postSolution
		{51E3DC07-AE9C-452E-A5D1-D8D4894B140B}.Debug|Any CPU.ActiveCfg = Debug|Any CPU
		{51E3DC07-AE9C-452E-A5D1-D8D4894B140B}.Debug|Any CPU.Build.0 = Debug|Any CPU
		{51E3DC07-AE9C-452E-A5D1-D8D4894B140B}.Release|Any CPU.ActiveCfg = Release|Any CPU
		{51E3DC07-AE9C-452E-A5D1-D8D4894B140B}.Release|Any CPU.Build.0 = Release|Any CPU
		{0FF4C650-9B40-4637-9DA5-B5E7CF2FE5C5}.Debug|Any CPU.ActiveCfg = Debug|Any CPU
		{0FF4C650-9B40-4637-9DA5-B5E7CF2FE5C5}.Debug|Any CPU.Build.0 = Debug|Any CPU
		{0FF4C650-9B40-4637-9DA5-B5E7CF2FE5C5}.Release|Any CPU.ActiveCfg = Release|Any CPU
		{0FF4C650-9B40-4637-9DA5-B5E7CF2FE5C5}.Release|Any CPU.Build.0 = Release|Any CPU
		{42212A15-E5B6-46B5-9896-CC7D1D889251}.Debug|Any CPU.ActiveCfg = Debug|Any CPU
		{42212A15-E5B6-46B5-9896-CC7D1D889251}.Debug|Any CPU.Build.0 = Debug|Any CPU
		{42212A15-E5B6-46B5-9896-CC7D1D889251}.Release|Any CPU.ActiveCfg = Release|Any CPU
		{42212A15-E5B6-46B5-9896-CC7D1D889251}.Release|Any CPU.Build.0 = Release|Any CPU
		{327C052F-A44D-473F-B505-C5893DCC3418}.Debug|Any CPU.ActiveCfg = Debug|Any CPU
		{327C052F-A44D-473F-B505-C5893DCC3418}.Debug|Any CPU.Build.0 = Debug|Any CPU
		{327C052F-A44D-473F-B505-C5893DCC3418}.Release|Any CPU.ActiveCfg = Release|Any CPU
		{327C052F-A44D-473F-B505-C5893DCC3418}.Release|Any CPU.Build.0 = Release|Any CPU
		{EE500092-DE09-4E41-BD9C-8C530EE3662E}.Debug|Any CPU.ActiveCfg = Debug|Any CPU
		{EE500092-DE09-4E41-BD9C-8C530EE3662E}.Debug|Any CPU.Build.0 = Debug|Any CPU
		{EE500092-DE09-4E41-BD9C-8C530EE3662E}.Release|Any CPU.ActiveCfg = Release|Any CPU
		{EE500092-DE09-4E41-BD9C-8C530EE3662E}.Release|Any CPU.Build.0 = Release|Any CPU
		{34AE1977-87C8-4257-ABCD-880BD9E7D3C2}.Debug|Any CPU.ActiveCfg = Debug|Any CPU
		{34AE1977-87C8-4257-ABCD-880BD9E7D3C2}.Debug|Any CPU.Build.0 = Debug|Any CPU
		{34AE1977-87C8-4257-ABCD-880BD9E7D3C2}.Release|Any CPU.ActiveCfg = Release|Any CPU
		{34AE1977-87C8-4257-ABCD-880BD9E7D3C2}.Release|Any CPU.Build.0 = Release|Any CPU
		{D0F54049-9AFB-460A-BFA3-EAC378AA6925}.Debug|Any CPU.ActiveCfg = Debug|Any CPU
		{D0F54049-9AFB-460A-BFA3-EAC378AA6925}.Debug|Any CPU.Build.0 = Debug|Any CPU
		{D0F54049-9AFB-460A-BFA3-EAC378AA6925}.Release|Any CPU.ActiveCfg = Release|Any CPU
		{D0F54049-9AFB-460A-BFA3-EAC378AA6925}.Release|Any CPU.Build.0 = Release|Any CPU
		{FB765120-7CD4-4E1B-B7BD-32ACC2469894}.Debug|Any CPU.ActiveCfg = Debug|Any CPU
		{FB765120-7CD4-4E1B-B7BD-32ACC2469894}.Debug|Any CPU.Build.0 = Debug|Any CPU
		{FB765120-7CD4-4E1B-B7BD-32ACC2469894}.Release|Any CPU.ActiveCfg = Release|Any CPU
		{FB765120-7CD4-4E1B-B7BD-32ACC2469894}.Release|Any CPU.Build.0 = Release|Any CPU
		{58740BDA-4A4B-4592-B7B1-11327CE08A76}.Debug|Any CPU.ActiveCfg = Debug|Any CPU
		{58740BDA-4A4B-4592-B7B1-11327CE08A76}.Debug|Any CPU.Build.0 = Debug|Any CPU
		{58740BDA-4A4B-4592-B7B1-11327CE08A76}.Release|Any CPU.ActiveCfg = Release|Any CPU
		{58740BDA-4A4B-4592-B7B1-11327CE08A76}.Release|Any CPU.Build.0 = Release|Any CPU
		{E05D0588-D8CA-4FC3-AEC9-3F25050A05E0}.Debug|Any CPU.ActiveCfg = Debug|Any CPU
		{E05D0588-D8CA-4FC3-AEC9-3F25050A05E0}.Debug|Any CPU.Build.0 = Debug|Any CPU
		{E05D0588-D8CA-4FC3-AEC9-3F25050A05E0}.Release|Any CPU.ActiveCfg = Release|Any CPU
		{E05D0588-D8CA-4FC3-AEC9-3F25050A05E0}.Release|Any CPU.Build.0 = Release|Any CPU
		{05F9A02F-C06E-4D71-B7DF-DD13EBE4A193}.Debug|Any CPU.ActiveCfg = Debug|Any CPU
		{05F9A02F-C06E-4D71-B7DF-DD13EBE4A193}.Debug|Any CPU.Build.0 = Debug|Any CPU
		{05F9A02F-C06E-4D71-B7DF-DD13EBE4A193}.Release|Any CPU.ActiveCfg = Release|Any CPU
		{05F9A02F-C06E-4D71-B7DF-DD13EBE4A193}.Release|Any CPU.Build.0 = Release|Any CPU
		{39AEBB8C-43E0-4071-BDD5-26E1D8626132}.Debug|Any CPU.ActiveCfg = Debug|Any CPU
		{39AEBB8C-43E0-4071-BDD5-26E1D8626132}.Debug|Any CPU.Build.0 = Debug|Any CPU
		{39AEBB8C-43E0-4071-BDD5-26E1D8626132}.Release|Any CPU.ActiveCfg = Release|Any CPU
		{39AEBB8C-43E0-4071-BDD5-26E1D8626132}.Release|Any CPU.Build.0 = Release|Any CPU
		{178B57F3-87CA-4DC1-B8B6-55B2E42078E1}.Debug|Any CPU.ActiveCfg = Debug|Any CPU
		{178B57F3-87CA-4DC1-B8B6-55B2E42078E1}.Debug|Any CPU.Build.0 = Debug|Any CPU
		{178B57F3-87CA-4DC1-B8B6-55B2E42078E1}.Release|Any CPU.ActiveCfg = Release|Any CPU
		{178B57F3-87CA-4DC1-B8B6-55B2E42078E1}.Release|Any CPU.Build.0 = Release|Any CPU
		{EB0217B6-C170-4B4A-A67A-D5097FC4941F}.Debug|Any CPU.ActiveCfg = Debug|Any CPU
		{EB0217B6-C170-4B4A-A67A-D5097FC4941F}.Debug|Any CPU.Build.0 = Debug|Any CPU
		{EB0217B6-C170-4B4A-A67A-D5097FC4941F}.Release|Any CPU.ActiveCfg = Release|Any CPU
		{EB0217B6-C170-4B4A-A67A-D5097FC4941F}.Release|Any CPU.Build.0 = Release|Any CPU
		{9DFEAB68-FDA1-46A7-AEAD-BD2B5767A384}.Debug|Any CPU.ActiveCfg = Debug|Any CPU
		{9DFEAB68-FDA1-46A7-AEAD-BD2B5767A384}.Debug|Any CPU.Build.0 = Debug|Any CPU
		{9DFEAB68-FDA1-46A7-AEAD-BD2B5767A384}.Release|Any CPU.ActiveCfg = Release|Any CPU
		{9DFEAB68-FDA1-46A7-AEAD-BD2B5767A384}.Release|Any CPU.Build.0 = Release|Any CPU
		{19DFB5EA-6063-44FE-8F4F-4343B68594A7}.Debug|Any CPU.ActiveCfg = Debug|Any CPU
		{19DFB5EA-6063-44FE-8F4F-4343B68594A7}.Debug|Any CPU.Build.0 = Debug|Any CPU
		{19DFB5EA-6063-44FE-8F4F-4343B68594A7}.Release|Any CPU.ActiveCfg = Release|Any CPU
		{19DFB5EA-6063-44FE-8F4F-4343B68594A7}.Release|Any CPU.Build.0 = Release|Any CPU
		{426C789C-0831-4F8A-A09B-EA9F88057CC7}.Debug|Any CPU.ActiveCfg = Debug|Any CPU
		{426C789C-0831-4F8A-A09B-EA9F88057CC7}.Debug|Any CPU.Build.0 = Debug|Any CPU
		{426C789C-0831-4F8A-A09B-EA9F88057CC7}.Release|Any CPU.ActiveCfg = Release|Any CPU
		{426C789C-0831-4F8A-A09B-EA9F88057CC7}.Release|Any CPU.Build.0 = Release|Any CPU
		{1DDBD79F-5FF8-4998-8D7E-ACFA3B370432}.Debug|Any CPU.ActiveCfg = Debug|Any CPU
		{1DDBD79F-5FF8-4998-8D7E-ACFA3B370432}.Debug|Any CPU.Build.0 = Debug|Any CPU
		{1DDBD79F-5FF8-4998-8D7E-ACFA3B370432}.Release|Any CPU.ActiveCfg = Release|Any CPU
		{1DDBD79F-5FF8-4998-8D7E-ACFA3B370432}.Release|Any CPU.Build.0 = Release|Any CPU
		{C905076E-7613-4DB9-BEC4-B2624A5D77FF}.Debug|Any CPU.ActiveCfg = Debug|Any CPU
		{C905076E-7613-4DB9-BEC4-B2624A5D77FF}.Debug|Any CPU.Build.0 = Debug|Any CPU
		{C905076E-7613-4DB9-BEC4-B2624A5D77FF}.Release|Any CPU.ActiveCfg = Release|Any CPU
		{C905076E-7613-4DB9-BEC4-B2624A5D77FF}.Release|Any CPU.Build.0 = Release|Any CPU
		{4CEE9CDB-7297-4774-990A-40465C1A3AFE}.Debug|Any CPU.ActiveCfg = Debug|Any CPU
		{4CEE9CDB-7297-4774-990A-40465C1A3AFE}.Debug|Any CPU.Build.0 = Debug|Any CPU
		{4CEE9CDB-7297-4774-990A-40465C1A3AFE}.Release|Any CPU.ActiveCfg = Release|Any CPU
		{4CEE9CDB-7297-4774-990A-40465C1A3AFE}.Release|Any CPU.Build.0 = Release|Any CPU
		{2F63CA29-855A-4899-A887-7F68C2720677}.Debug|Any CPU.ActiveCfg = Debug|Any CPU
		{2F63CA29-855A-4899-A887-7F68C2720677}.Debug|Any CPU.Build.0 = Debug|Any CPU
		{2F63CA29-855A-4899-A887-7F68C2720677}.Release|Any CPU.ActiveCfg = Release|Any CPU
		{2F63CA29-855A-4899-A887-7F68C2720677}.Release|Any CPU.Build.0 = Release|Any CPU
		{A407C350-56F4-4BA5-A0BA-2ACF12ED66D6}.Debug|Any CPU.ActiveCfg = Debug|Any CPU
		{A407C350-56F4-4BA5-A0BA-2ACF12ED66D6}.Debug|Any CPU.Build.0 = Debug|Any CPU
		{A407C350-56F4-4BA5-A0BA-2ACF12ED66D6}.Release|Any CPU.ActiveCfg = Release|Any CPU
		{A407C350-56F4-4BA5-A0BA-2ACF12ED66D6}.Release|Any CPU.Build.0 = Release|Any CPU
		{D3FDA6BC-A9D7-444F-9EE0-82300D4E9CC4}.Debug|Any CPU.ActiveCfg = Debug|Any CPU
		{D3FDA6BC-A9D7-444F-9EE0-82300D4E9CC4}.Debug|Any CPU.Build.0 = Debug|Any CPU
		{D3FDA6BC-A9D7-444F-9EE0-82300D4E9CC4}.Release|Any CPU.ActiveCfg = Release|Any CPU
		{D3FDA6BC-A9D7-444F-9EE0-82300D4E9CC4}.Release|Any CPU.Build.0 = Release|Any CPU
		{785EA5C9-7CF5-42CA-A01A-8B5BF0C150F6}.Debug|Any CPU.ActiveCfg = Debug|Any CPU
		{785EA5C9-7CF5-42CA-A01A-8B5BF0C150F6}.Debug|Any CPU.Build.0 = Debug|Any CPU
		{785EA5C9-7CF5-42CA-A01A-8B5BF0C150F6}.Release|Any CPU.ActiveCfg = Release|Any CPU
		{785EA5C9-7CF5-42CA-A01A-8B5BF0C150F6}.Release|Any CPU.Build.0 = Release|Any CPU
	EndGlobalSection
	GlobalSection(SolutionProperties) = preSolution
		HideSolutionNode = FALSE
	EndGlobalSection
	GlobalSection(NestedProjects) = preSolution
		{E9D7B0D5-DB19-479C-ABFD-96D977C9F21B} = {1CFFB6A1-8DD0-41E5-8BA8-9533DA397CDA}
		{F2D2C9F9-8865-43B3-99FD-9FF126A4B073} = {1CFFB6A1-8DD0-41E5-8BA8-9533DA397CDA}
		{51E3DC07-AE9C-452E-A5D1-D8D4894B140B} = {F2D2C9F9-8865-43B3-99FD-9FF126A4B073}
		{F7B0D386-52F4-405A-859A-34EDF3FE5D0E} = {1CFFB6A1-8DD0-41E5-8BA8-9533DA397CDA}
		{102D7E82-8D1F-470E-BF12-B7932D2291CF} = {F7B0D386-52F4-405A-859A-34EDF3FE5D0E}
		{8E2DE0B4-636E-4C4D-8570-BC482A59E8B5} = {F7B0D386-52F4-405A-859A-34EDF3FE5D0E}
		{EB392D95-8BC5-465E-A5D5-05F43A95E610} = {F7B0D386-52F4-405A-859A-34EDF3FE5D0E}
		{8F041CD1-66F5-4F8A-AF93-6D9834F617C6} = {F7B0D386-52F4-405A-859A-34EDF3FE5D0E}
		{0FF4C650-9B40-4637-9DA5-B5E7CF2FE5C5} = {102D7E82-8D1F-470E-BF12-B7932D2291CF}
		{B2DC5002-CF94-4CBC-B4C1-5FF7AFAFFD5C} = {8E2DE0B4-636E-4C4D-8570-BC482A59E8B5}
		{42212A15-E5B6-46B5-9896-CC7D1D889251} = {B2DC5002-CF94-4CBC-B4C1-5FF7AFAFFD5C}
		{2534C5EE-B53A-4D5C-AB36-364E664E2E55} = {EB392D95-8BC5-465E-A5D5-05F43A95E610}
		{327C052F-A44D-473F-B505-C5893DCC3418} = {2534C5EE-B53A-4D5C-AB36-364E664E2E55}
		{866B1A54-C7A6-42A7-AD82-17A87BA70513} = {8F041CD1-66F5-4F8A-AF93-6D9834F617C6}
		{EE500092-DE09-4E41-BD9C-8C530EE3662E} = {866B1A54-C7A6-42A7-AD82-17A87BA70513}
		{211BD08E-3C3D-4266-B47B-00CD7BBF478C} = {FACA0332-0C1A-4C87-9C02-55897AA75B00}
		{34AE1977-87C8-4257-ABCD-880BD9E7D3C2} = {211BD08E-3C3D-4266-B47B-00CD7BBF478C}
		{1CFFB6A1-8DD0-41E5-8BA8-9533DA397CDA} = {D24210B9-42D1-4B5A-866B-D1FBF5B25D47}
		{D0F54049-9AFB-460A-BFA3-EAC378AA6925} = {E9D7B0D5-DB19-479C-ABFD-96D977C9F21B}
		{6047C994-B153-44A7-AFDC-379DAD8E11C0} = {D24210B9-42D1-4B5A-866B-D1FBF5B25D47}
		{FB765120-7CD4-4E1B-B7BD-32ACC2469894} = {6047C994-B153-44A7-AFDC-379DAD8E11C0}
		{58740BDA-4A4B-4592-B7B1-11327CE08A76} = {6047C994-B153-44A7-AFDC-379DAD8E11C0}
		{225747F7-6F94-4A7C-ABD4-5B986C19F7A5} = {D24210B9-42D1-4B5A-866B-D1FBF5B25D47}
		{69C16A4E-CE1B-4EA6-A5E4-015C18624D64} = {225747F7-6F94-4A7C-ABD4-5B986C19F7A5}
		{3C5E8431-588E-4096-B2D5-B1E5687B3DF5} = {225747F7-6F94-4A7C-ABD4-5B986C19F7A5}
		{E05D0588-D8CA-4FC3-AEC9-3F25050A05E0} = {3C5E8431-588E-4096-B2D5-B1E5687B3DF5}
		{6EEC6296-D9BE-45AE-BB75-DB1259C2D24B} = {225747F7-6F94-4A7C-ABD4-5B986C19F7A5}
		{05F9A02F-C06E-4D71-B7DF-DD13EBE4A193} = {6EEC6296-D9BE-45AE-BB75-DB1259C2D24B}
		{79946D6F-C877-449E-BBEB-4C97DFA90E2D} = {1CFFB6A1-8DD0-41E5-8BA8-9533DA397CDA}
		{39AEBB8C-43E0-4071-BDD5-26E1D8626132} = {79946D6F-C877-449E-BBEB-4C97DFA90E2D}
		{B390991B-EBB5-4161-B24B-19B60CB05B6B} = {225747F7-6F94-4A7C-ABD4-5B986C19F7A5}
		{178B57F3-87CA-4DC1-B8B6-55B2E42078E1} = {B390991B-EBB5-4161-B24B-19B60CB05B6B}
		{B5F5CBFB-D491-48FF-9684-ECA5C2FDC290} = {D24210B9-42D1-4B5A-866B-D1FBF5B25D47}
		{D2DC688B-C75D-4021-BA65-1F44661C6FC2} = {B5F5CBFB-D491-48FF-9684-ECA5C2FDC290}
		{EB0217B6-C170-4B4A-A67A-D5097FC4941F} = {D2DC688B-C75D-4021-BA65-1F44661C6FC2}
		{7341C841-2765-450A-B0EB-A3974A47EDDA} = {B5F5CBFB-D491-48FF-9684-ECA5C2FDC290}
		{9DFEAB68-FDA1-46A7-AEAD-BD2B5767A384} = {7341C841-2765-450A-B0EB-A3974A47EDDA}
		{AED6AC5C-8807-4B8A-809B-92537992E920} = {B5F5CBFB-D491-48FF-9684-ECA5C2FDC290}
		{19DFB5EA-6063-44FE-8F4F-4343B68594A7} = {AED6AC5C-8807-4B8A-809B-92537992E920}
		{0756DFCB-42B4-464F-A965-13123ABA540A} = {1CFFB6A1-8DD0-41E5-8BA8-9533DA397CDA}
		{426C789C-0831-4F8A-A09B-EA9F88057CC7} = {0756DFCB-42B4-464F-A965-13123ABA540A}
		{6C0CE24E-6D74-4FE7-A5DD-777E659DC408} = {1CFFB6A1-8DD0-41E5-8BA8-9533DA397CDA}
		{1DDBD79F-5FF8-4998-8D7E-ACFA3B370432} = {6C0CE24E-6D74-4FE7-A5DD-777E659DC408}
		{C905076E-7613-4DB9-BEC4-B2624A5D77FF} = {69C16A4E-CE1B-4EA6-A5E4-015C18624D64}
		{556B2FF2-8D1D-49D2-A63C-94CA541BC594} = {D24210B9-42D1-4B5A-866B-D1FBF5B25D47}
		{6E7FAF3B-B44C-4D92-B38B-73F78C1816AB} = {556B2FF2-8D1D-49D2-A63C-94CA541BC594}
		{4CEE9CDB-7297-4774-990A-40465C1A3AFE} = {6E7FAF3B-B44C-4D92-B38B-73F78C1816AB}
		{CC8E18D7-0C03-4D27-8F48-C09071E1CCCA} = {556B2FF2-8D1D-49D2-A63C-94CA541BC594}
		{2F63CA29-855A-4899-A887-7F68C2720677} = {CC8E18D7-0C03-4D27-8F48-C09071E1CCCA}
		{D7AFB3DF-575A-458C-837A-9AF6CD2D8167} = {556B2FF2-8D1D-49D2-A63C-94CA541BC594}
		{A407C350-56F4-4BA5-A0BA-2ACF12ED66D6} = {D7AFB3DF-575A-458C-837A-9AF6CD2D8167}
		{1E7FEC52-00D2-4CBB-AD47-CFB2AA9AF155} = {F7B0D386-52F4-405A-859A-34EDF3FE5D0E}
		{D3FDA6BC-A9D7-444F-9EE0-82300D4E9CC4} = {1E7FEC52-00D2-4CBB-AD47-CFB2AA9AF155}
		{785EA5C9-7CF5-42CA-A01A-8B5BF0C150F6} = {1E7FEC52-00D2-4CBB-AD47-CFB2AA9AF155}
	EndGlobalSection
	GlobalSection(ExtensibilityGlobals) = postSolution
		SolutionGuid = {13305552-A19D-453A-A26B-6E7B60F052F2}
	EndGlobalSection
EndGlobal
