
Microsoft Visual Studio Solution File, Format Version 12.00
# Visual Studio Version 17
VisualStudioVersion = 17.9.34714.143
MinimumVisualStudioVersion = 10.0.40219.1
Project("{2150E333-8FDC-42A3-9474-1A3956D46DE8}") = "src", "src", "{FF66B57F-6960-4E8B-B890-5C1D4287DAE3}"
EndProject
Project("{2150E333-8FDC-42A3-9474-1A3956D46DE8}") = "core", "core", "{D14FE817-6B8B-4987-9203-A74B55BA23AF}"
EndProject
Project("{2150E333-8FDC-42A3-9474-1A3956D46DE8}") = "gateway", "gateway", "{41B16F55-F5D9-4FC5-A955-A577AFBA6EAF}"
EndProject
Project("{2150E333-8FDC-42A3-9474-1A3956D46DE8}") = "broker", "broker", "{EE7E5147-3DE2-41C1-A3C4-695CC41B2785}"
EndProject
Project("{9A19103F-16F7-4668-BE54-9A1E7A4F7556}") = "CloudStreams.Core", "src\core\CloudStreams.Core\CloudStreams.Core.csproj", "{177F238A-0173-49B9-925C-0B5432C75EC6}"
EndProject
Project("{9A19103F-16F7-4668-BE54-9A1E7A4F7556}") = "CloudStreams.Core.Application", "src\core\CloudStreams.Core.Application\CloudStreams.Core.Application.csproj", "{D776F8D4-04E8-4095-AD03-D71F5EBF8951}"
EndProject
Project("{9A19103F-16F7-4668-BE54-9A1E7A4F7556}") = "CloudStreams.Core.Api.Client", "src\core\CloudStreams.Core.Api.Client\CloudStreams.Core.Api.Client.csproj", "{8F4260F3-8F1D-4C6B-9BC5-A7B8DD1E8254}"
EndProject
Project("{9A19103F-16F7-4668-BE54-9A1E7A4F7556}") = "CloudStreams.Core.Api", "src\core\CloudStreams.Core.Api\CloudStreams.Core.Api.csproj", "{55E026C9-D780-49E4-8F82-C6F303C10BE9}"
EndProject
Project("{9A19103F-16F7-4668-BE54-9A1E7A4F7556}") = "CloudStreams.Gateway.Api", "src\gateway\CloudStreams.Gateway.Api\CloudStreams.Gateway.Api.csproj", "{2F904542-163A-49A8-832A-3545A962234C}"
EndProject
Project("{9A19103F-16F7-4668-BE54-9A1E7A4F7556}") = "CloudStreams.Gateway.Application", "src\gateway\CloudStreams.Gateway.Application\CloudStreams.Gateway.Application.csproj", "{07217222-82B9-490E-B722-4C836A84A0C7}"
EndProject
Project("{9A19103F-16F7-4668-BE54-9A1E7A4F7556}") = "CloudStreams.Broker.Application", "src\broker\CloudStreams.Broker.Application\CloudStreams.Broker.Application.csproj", "{09481105-759E-4EC7-AF2E-1343ECF953B2}"
EndProject
Project("{9A19103F-16F7-4668-BE54-9A1E7A4F7556}") = "CloudStreams.Broker.Api", "src\broker\CloudStreams.Broker.Api\CloudStreams.Broker.Api.csproj", "{92EDB067-DD65-4106-A0DA-5DC4B4386DFD}"
EndProject
Project("{2150E333-8FDC-42A3-9474-1A3956D46DE8}") = "dashboard", "dashboard", "{BDA26004-D077-442C-A4F7-F389D5AC9FE5}"
EndProject
Project("{9A19103F-16F7-4668-BE54-9A1E7A4F7556}") = "CloudStreams.Dashboard", "src\dashboard\CloudStreams.Dashboard\CloudStreams.Dashboard.csproj", "{DEF277AF-8024-49D8-BD80-338A79431F8C}"
EndProject
Project("{9A19103F-16F7-4668-BE54-9A1E7A4F7556}") = "CloudStreams.Dashboard.StateManagement", "src\dashboard\CloudStreams.Dashboard.StateManagement\CloudStreams.Dashboard.StateManagement.csproj", "{7BD5FCBA-1D5A-4DF2-BDC3-5672D3507C06}"
EndProject
Project("{2150E333-8FDC-42A3-9474-1A3956D46DE8}") = "docs", "docs", "{129B2507-0C27-4324-AFC9-2C802E25E51D}"
	ProjectSection(SolutionItems) = preProject
		CODEOWNERS = CODEOWNERS
		CONTRIBUTING.md = CONTRIBUTING.md
		LICENSE = LICENSE
		CODE_OF_CONDUCT.md = CODE_OF_CONDUCT.md
		README.md = README.md
		SECURITY.md = SECURITY.md
	EndProjectSection
EndProject
Project("{2150E333-8FDC-42A3-9474-1A3956D46DE8}") = "deployments", "deployments", "{990DE5C0-9BDB-417C-91D9-B3883C5FCA3E}"
EndProject
Project("{E53339B2-1760-4266-BCC7-CA923CBCF16C}") = "docker-compose", "deployments\docker-compose\docker-compose.dcproj", "{0050C106-97E3-40BD-8C2C-34503B5757DF}"
EndProject
Project("{2150E333-8FDC-42A3-9474-1A3956D46DE8}") = ".github", ".github", "{9EDAC21F-3617-413B-8C54-469851036E9B}"
	ProjectSection(SolutionItems) = preProject
		.github\PULL_REQUEST_TEMPLATE.md = .github\PULL_REQUEST_TEMPLATE.md
	EndProjectSection
EndProject
Project("{2150E333-8FDC-42A3-9474-1A3956D46DE8}") = "issue_template", "issue_template", "{63F334BA-8ECE-42CC-8948-A15E9CCFF4CE}"
	ProjectSection(SolutionItems) = preProject
		.github\ISSUE_TEMPLATE\bug.yml = .github\ISSUE_TEMPLATE\bug.yml
		.github\ISSUE_TEMPLATE\config.yml = .github\ISSUE_TEMPLATE\config.yml
		.github\ISSUE_TEMPLATE\feature.yml = .github\ISSUE_TEMPLATE\feature.yml
	EndProjectSection
EndProject
Project("{2150E333-8FDC-42A3-9474-1A3956D46DE8}") = "workflows", "workflows", "{3B93410E-F6AA-4ADB-88E0-A8D3DBF6885C}"
	ProjectSection(SolutionItems) = preProject
		.github\workflows\build-dotnet.yml = .github\workflows\build-dotnet.yml
		.github\workflows\ci-pipeline.yml = .github\workflows\ci-pipeline.yml
		.github\workflows\publish.yml = .github\workflows\publish.yml
		.github\workflows\release.yml = .github\workflows\release.yml
		.github\workflows\test-dotnet.yml = .github\workflows\test-dotnet.yml
		.github\workflows\versioning.yml = .github\workflows\versioning.yml
	EndProjectSection
EndProject
Global
	GlobalSection(SolutionConfigurationPlatforms) = preSolution
		Debug|Any CPU = Debug|Any CPU
		Release|Any CPU = Release|Any CPU
	EndGlobalSection
	GlobalSection(ProjectConfigurationPlatforms) = postSolution
		{177F238A-0173-49B9-925C-0B5432C75EC6}.Debug|Any CPU.ActiveCfg = Debug|Any CPU
		{177F238A-0173-49B9-925C-0B5432C75EC6}.Debug|Any CPU.Build.0 = Debug|Any CPU
		{177F238A-0173-49B9-925C-0B5432C75EC6}.Release|Any CPU.ActiveCfg = Release|Any CPU
		{177F238A-0173-49B9-925C-0B5432C75EC6}.Release|Any CPU.Build.0 = Release|Any CPU
		{D776F8D4-04E8-4095-AD03-D71F5EBF8951}.Debug|Any CPU.ActiveCfg = Debug|Any CPU
		{D776F8D4-04E8-4095-AD03-D71F5EBF8951}.Debug|Any CPU.Build.0 = Debug|Any CPU
		{D776F8D4-04E8-4095-AD03-D71F5EBF8951}.Release|Any CPU.ActiveCfg = Release|Any CPU
		{D776F8D4-04E8-4095-AD03-D71F5EBF8951}.Release|Any CPU.Build.0 = Release|Any CPU
		{8F4260F3-8F1D-4C6B-9BC5-A7B8DD1E8254}.Debug|Any CPU.ActiveCfg = Debug|Any CPU
		{8F4260F3-8F1D-4C6B-9BC5-A7B8DD1E8254}.Debug|Any CPU.Build.0 = Debug|Any CPU
		{8F4260F3-8F1D-4C6B-9BC5-A7B8DD1E8254}.Release|Any CPU.ActiveCfg = Release|Any CPU
		{8F4260F3-8F1D-4C6B-9BC5-A7B8DD1E8254}.Release|Any CPU.Build.0 = Release|Any CPU
		{55E026C9-D780-49E4-8F82-C6F303C10BE9}.Debug|Any CPU.ActiveCfg = Debug|Any CPU
		{55E026C9-D780-49E4-8F82-C6F303C10BE9}.Debug|Any CPU.Build.0 = Debug|Any CPU
		{55E026C9-D780-49E4-8F82-C6F303C10BE9}.Release|Any CPU.ActiveCfg = Release|Any CPU
		{55E026C9-D780-49E4-8F82-C6F303C10BE9}.Release|Any CPU.Build.0 = Release|Any CPU
		{2F904542-163A-49A8-832A-3545A962234C}.Debug|Any CPU.ActiveCfg = Debug|Any CPU
		{2F904542-163A-49A8-832A-3545A962234C}.Debug|Any CPU.Build.0 = Debug|Any CPU
		{2F904542-163A-49A8-832A-3545A962234C}.Release|Any CPU.ActiveCfg = Release|Any CPU
		{2F904542-163A-49A8-832A-3545A962234C}.Release|Any CPU.Build.0 = Release|Any CPU
		{07217222-82B9-490E-B722-4C836A84A0C7}.Debug|Any CPU.ActiveCfg = Debug|Any CPU
		{07217222-82B9-490E-B722-4C836A84A0C7}.Debug|Any CPU.Build.0 = Debug|Any CPU
		{07217222-82B9-490E-B722-4C836A84A0C7}.Release|Any CPU.ActiveCfg = Release|Any CPU
		{07217222-82B9-490E-B722-4C836A84A0C7}.Release|Any CPU.Build.0 = Release|Any CPU
		{09481105-759E-4EC7-AF2E-1343ECF953B2}.Debug|Any CPU.ActiveCfg = Debug|Any CPU
		{09481105-759E-4EC7-AF2E-1343ECF953B2}.Debug|Any CPU.Build.0 = Debug|Any CPU
		{09481105-759E-4EC7-AF2E-1343ECF953B2}.Release|Any CPU.ActiveCfg = Release|Any CPU
		{09481105-759E-4EC7-AF2E-1343ECF953B2}.Release|Any CPU.Build.0 = Release|Any CPU
		{92EDB067-DD65-4106-A0DA-5DC4B4386DFD}.Debug|Any CPU.ActiveCfg = Debug|Any CPU
		{92EDB067-DD65-4106-A0DA-5DC4B4386DFD}.Debug|Any CPU.Build.0 = Debug|Any CPU
		{92EDB067-DD65-4106-A0DA-5DC4B4386DFD}.Release|Any CPU.ActiveCfg = Release|Any CPU
		{92EDB067-DD65-4106-A0DA-5DC4B4386DFD}.Release|Any CPU.Build.0 = Release|Any CPU
		{DEF277AF-8024-49D8-BD80-338A79431F8C}.Debug|Any CPU.ActiveCfg = Debug|Any CPU
		{DEF277AF-8024-49D8-BD80-338A79431F8C}.Debug|Any CPU.Build.0 = Debug|Any CPU
		{DEF277AF-8024-49D8-BD80-338A79431F8C}.Release|Any CPU.ActiveCfg = Release|Any CPU
		{DEF277AF-8024-49D8-BD80-338A79431F8C}.Release|Any CPU.Build.0 = Release|Any CPU
		{7BD5FCBA-1D5A-4DF2-BDC3-5672D3507C06}.Debug|Any CPU.ActiveCfg = Debug|Any CPU
		{7BD5FCBA-1D5A-4DF2-BDC3-5672D3507C06}.Debug|Any CPU.Build.0 = Debug|Any CPU
		{7BD5FCBA-1D5A-4DF2-BDC3-5672D3507C06}.Release|Any CPU.ActiveCfg = Release|Any CPU
		{7BD5FCBA-1D5A-4DF2-BDC3-5672D3507C06}.Release|Any CPU.Build.0 = Release|Any CPU
		{0050C106-97E3-40BD-8C2C-34503B5757DF}.Debug|Any CPU.ActiveCfg = Debug|Any CPU
		{0050C106-97E3-40BD-8C2C-34503B5757DF}.Debug|Any CPU.Build.0 = Debug|Any CPU
		{0050C106-97E3-40BD-8C2C-34503B5757DF}.Release|Any CPU.ActiveCfg = Release|Any CPU
		{0050C106-97E3-40BD-8C2C-34503B5757DF}.Release|Any CPU.Build.0 = Release|Any CPU
	EndGlobalSection
	GlobalSection(SolutionProperties) = preSolution
		HideSolutionNode = FALSE
	EndGlobalSection
	GlobalSection(NestedProjects) = preSolution
		{D14FE817-6B8B-4987-9203-A74B55BA23AF} = {FF66B57F-6960-4E8B-B890-5C1D4287DAE3}
		{41B16F55-F5D9-4FC5-A955-A577AFBA6EAF} = {FF66B57F-6960-4E8B-B890-5C1D4287DAE3}
		{EE7E5147-3DE2-41C1-A3C4-695CC41B2785} = {FF66B57F-6960-4E8B-B890-5C1D4287DAE3}
		{177F238A-0173-49B9-925C-0B5432C75EC6} = {D14FE817-6B8B-4987-9203-A74B55BA23AF}
		{D776F8D4-04E8-4095-AD03-D71F5EBF8951} = {D14FE817-6B8B-4987-9203-A74B55BA23AF}
		{8F4260F3-8F1D-4C6B-9BC5-A7B8DD1E8254} = {D14FE817-6B8B-4987-9203-A74B55BA23AF}
		{55E026C9-D780-49E4-8F82-C6F303C10BE9} = {D14FE817-6B8B-4987-9203-A74B55BA23AF}
		{2F904542-163A-49A8-832A-3545A962234C} = {41B16F55-F5D9-4FC5-A955-A577AFBA6EAF}
		{07217222-82B9-490E-B722-4C836A84A0C7} = {41B16F55-F5D9-4FC5-A955-A577AFBA6EAF}
		{09481105-759E-4EC7-AF2E-1343ECF953B2} = {EE7E5147-3DE2-41C1-A3C4-695CC41B2785}
		{92EDB067-DD65-4106-A0DA-5DC4B4386DFD} = {EE7E5147-3DE2-41C1-A3C4-695CC41B2785}
		{BDA26004-D077-442C-A4F7-F389D5AC9FE5} = {FF66B57F-6960-4E8B-B890-5C1D4287DAE3}
		{DEF277AF-8024-49D8-BD80-338A79431F8C} = {BDA26004-D077-442C-A4F7-F389D5AC9FE5}
		{7BD5FCBA-1D5A-4DF2-BDC3-5672D3507C06} = {BDA26004-D077-442C-A4F7-F389D5AC9FE5}
		{0050C106-97E3-40BD-8C2C-34503B5757DF} = {990DE5C0-9BDB-417C-91D9-B3883C5FCA3E}
		{63F334BA-8ECE-42CC-8948-A15E9CCFF4CE} = {9EDAC21F-3617-413B-8C54-469851036E9B}
		{3B93410E-F6AA-4ADB-88E0-A8D3DBF6885C} = {9EDAC21F-3617-413B-8C54-469851036E9B}
	EndGlobalSection
	GlobalSection(ExtensibilityGlobals) = postSolution
		SolutionGuid = {5E10D9D7-D5B5-4C0B-B7AC-AC10FF33DA3F}
	EndGlobalSection
EndGlobal
