
Microsoft Visual Studio Solution File, Format Version 12.00
# Visual Studio Version 17
VisualStudioVersion = 17.6.33815.320
MinimumVisualStudioVersion = 10.0.40219.1
Project("{2150E333-8FDC-42A3-9474-1A3956D46DE8}") = "src", "src", "{DC60318D-AFF7-4099-A3E2-AF78BDEE194A}"
EndProject
Project("{2150E333-8FDC-42A3-9474-1A3956D46DE8}") = "core", "core", "{F474FF36-0A30-455E-9A10-A1615E3604D4}"
EndProject
Project("{9A19103F-16F7-4668-BE54-9A1E7A4F7556}") = "CloudStreams.Core", "src\core\CloudStreams.Core\CloudStreams.Core.csproj", "{B0CC48AC-6E34-4D91-AF0C-F63FCDC17900}"
EndProject
Project("{9A19103F-16F7-4668-BE54-9A1E7A4F7556}") = "CloudStreams.Core.Infrastructure", "src\core\CloudStreams.Core.Infrastructure\CloudStreams.Core.Infrastructure.csproj", "{2F29487D-C4AD-4CD9-9969-6080D2F910B8}"
EndProject
Project("{9A19103F-16F7-4668-BE54-9A1E7A4F7556}") = "CloudStreams.Core.Infrastructure.EventSourcing.EventStore", "src\core\CloudStreams.Core.Infrastructure.EventSourcing.EventStore\CloudStreams.Core.Infrastructure.EventSourcing.EventStore.csproj", "{4C5192B7-2F5D-4513-B8BA-66A5A5FA6EF8}"
EndProject
Project("{9A19103F-16F7-4668-BE54-9A1E7A4F7556}") = "CloudStreams.Core.Api", "src\core\CloudStreams.Core.Api\CloudStreams.Core.Api.csproj", "{6DFD3670-466E-491E-B1D2-173621722A11}"
EndProject
Project("{9A19103F-16F7-4668-BE54-9A1E7A4F7556}") = "CloudStreams.Core.Api.Client", "src\core\CloudStreams.Core.Api.Client\CloudStreams.Core.Api.Client.csproj", "{19535702-F1D9-420B-BF3B-2A585663F40F}"
EndProject
Project("{9A19103F-16F7-4668-BE54-9A1E7A4F7556}") = "CloudStreams.Core.Api.Server", "src\core\CloudStreams.Core.Api.Server\CloudStreams.Core.Api.Server.csproj", "{EFA9105F-F074-4257-8E8C-633B7DF7EBE8}"
EndProject
Project("{9A19103F-16F7-4668-BE54-9A1E7A4F7556}") = "CloudStreams.Core.Application", "src\core\CloudStreams.Core.Application\CloudStreams.Core.Application.csproj", "{19671559-E4BD-49C3-AF13-AEAB2EA0D48B}"
EndProject
Project("{2150E333-8FDC-42A3-9474-1A3956D46DE8}") = "gateway", "gateway", "{5E739A12-4175-4DB9-8094-8EB9BE7CA7F7}"
EndProject
Project("{2150E333-8FDC-42A3-9474-1A3956D46DE8}") = "dashboard", "dashboard", "{AB70869A-91DF-4285-BAB9-6836A68E5F7A}"
EndProject
Project("{9A19103F-16F7-4668-BE54-9A1E7A4F7556}") = "CloudStreams.Dashboard.StateManagement", "src\dashboard\CloudStreams.Dashboard.StateManagement\CloudStreams.Dashboard.StateManagement.csproj", "{932E98CC-50B8-4CA1-9080-B55627A07E97}"
EndProject
Project("{9A19103F-16F7-4668-BE54-9A1E7A4F7556}") = "CloudStreams.Dashboard", "src\dashboard\CloudStreams.Dashboard\CloudStreams.Dashboard.csproj", "{47133552-BF81-44E4-B127-8256D97EA695}"
EndProject
Project("{2150E333-8FDC-42A3-9474-1A3956D46DE8}") = "docs", "docs", "{BE3EB57F-15FA-49E8-B21F-B648E78AC87B}"
EndProject
Project("{2150E333-8FDC-42A3-9474-1A3956D46DE8}") = "deployments", "deployments", "{43DFCA07-D86F-472B-AF59-B979DC9C948C}"
EndProject
Project("{E53339B2-1760-4266-BCC7-CA923CBCF16C}") = "docker-compose", "deployments\docker-compose\docker-compose.dcproj", "{0050C106-97E3-40BD-8C2C-34503B5757DF}"
EndProject
Project("{9A19103F-16F7-4668-BE54-9A1E7A4F7556}") = "CloudStreams.Gateway.Application", "src\gateway\CloudStreams.Gateway.Application\CloudStreams.Gateway.Application.csproj", "{09853D11-38D0-4DCD-9138-56C1754EEECD}"
EndProject
Project("{9A19103F-16F7-4668-BE54-9A1E7A4F7556}") = "CloudStreams.Gateway.Api.Client", "src\gateway\CloudStreams.Gateway.Api.Client\CloudStreams.Gateway.Api.Client.csproj", "{F75AA225-432E-4A10-8017-75274673E80C}"
EndProject
Project("{9A19103F-16F7-4668-BE54-9A1E7A4F7556}") = "CloudStreams.Gateway.Api", "src\gateway\CloudStreams.Gateway.Api\CloudStreams.Gateway.Api.csproj", "{AD031F2B-498F-490B-AF1E-67DE43F75AC4}"
EndProject
Project("{9A19103F-16F7-4668-BE54-9A1E7A4F7556}") = "CloudStreams.Gateway.Api.Server", "src\gateway\CloudStreams.Gateway.Api.Server\CloudStreams.Gateway.Api.Server.csproj", "{5148840D-7E3E-4BC9-A098-EF46999750C1}"
EndProject
Project("{9A19103F-16F7-4668-BE54-9A1E7A4F7556}") = "CloudStreams.Core.Infrastructure.RuntimeExpressions.JavaScript", "src\core\CloudStreams.Core.Infrastructure.RuntimeExpressions.JavaScript\CloudStreams.Core.Infrastructure.RuntimeExpressions.JavaScript.csproj", "{8C91F090-0028-4A78-AD5E-523BBFD4A936}"
EndProject
Project("{9A19103F-16F7-4668-BE54-9A1E7A4F7556}") = "CloudStreams.Core.Infrastructure.RuntimeExpressions.JQ", "src\core\CloudStreams.Core.Infrastructure.RuntimeExpressions.JQ\CloudStreams.Core.Infrastructure.RuntimeExpressions.JQ.csproj", "{901F926B-6BA1-4D7F-97D5-F464BDF58113}"
EndProject
Project("{2150E333-8FDC-42A3-9474-1A3956D46DE8}") = "broker", "broker", "{DB906BCE-DF5E-48A4-B2D0-78EBD504EE08}"
EndProject
Project("{9A19103F-16F7-4668-BE54-9A1E7A4F7556}") = "CloudStreams.Broker.Application", "src\broker\CloudStreams.Broker.Application\CloudStreams.Broker.Application.csproj", "{56C38938-070C-46CD-A9A2-812D0389A527}"
EndProject
Project("{9A19103F-16F7-4668-BE54-9A1E7A4F7556}") = "CloudStreams.Broker.Api", "src\broker\CloudStreams.Broker.Api\CloudStreams.Broker.Api.csproj", "{B8BD211C-D29B-4763-8780-B8C1AB7CA867}"
EndProject
Project("{9A19103F-16F7-4668-BE54-9A1E7A4F7556}") = "CloudStreams.Broker.Api.Server", "src\broker\CloudStreams.Broker.Api.Server\CloudStreams.Broker.Api.Server.csproj", "{15686F8D-528D-4525-AB4C-920356A9FAF7}"
EndProject
Global
	GlobalSection(SolutionConfigurationPlatforms) = preSolution
		Debug|Any CPU = Debug|Any CPU
		Release|Any CPU = Release|Any CPU
	EndGlobalSection
	GlobalSection(ProjectConfigurationPlatforms) = postSolution
		{B0CC48AC-6E34-4D91-AF0C-F63FCDC17900}.Debug|Any CPU.ActiveCfg = Debug|Any CPU
		{B0CC48AC-6E34-4D91-AF0C-F63FCDC17900}.Debug|Any CPU.Build.0 = Debug|Any CPU
		{B0CC48AC-6E34-4D91-AF0C-F63FCDC17900}.Release|Any CPU.ActiveCfg = Release|Any CPU
		{B0CC48AC-6E34-4D91-AF0C-F63FCDC17900}.Release|Any CPU.Build.0 = Release|Any CPU
		{2F29487D-C4AD-4CD9-9969-6080D2F910B8}.Debug|Any CPU.ActiveCfg = Debug|Any CPU
		{2F29487D-C4AD-4CD9-9969-6080D2F910B8}.Debug|Any CPU.Build.0 = Debug|Any CPU
		{2F29487D-C4AD-4CD9-9969-6080D2F910B8}.Release|Any CPU.ActiveCfg = Release|Any CPU
		{2F29487D-C4AD-4CD9-9969-6080D2F910B8}.Release|Any CPU.Build.0 = Release|Any CPU
		{4C5192B7-2F5D-4513-B8BA-66A5A5FA6EF8}.Debug|Any CPU.ActiveCfg = Debug|Any CPU
		{4C5192B7-2F5D-4513-B8BA-66A5A5FA6EF8}.Debug|Any CPU.Build.0 = Debug|Any CPU
		{4C5192B7-2F5D-4513-B8BA-66A5A5FA6EF8}.Release|Any CPU.ActiveCfg = Release|Any CPU
		{4C5192B7-2F5D-4513-B8BA-66A5A5FA6EF8}.Release|Any CPU.Build.0 = Release|Any CPU
		{6DFD3670-466E-491E-B1D2-173621722A11}.Debug|Any CPU.ActiveCfg = Debug|Any CPU
		{6DFD3670-466E-491E-B1D2-173621722A11}.Debug|Any CPU.Build.0 = Debug|Any CPU
		{6DFD3670-466E-491E-B1D2-173621722A11}.Release|Any CPU.ActiveCfg = Release|Any CPU
		{6DFD3670-466E-491E-B1D2-173621722A11}.Release|Any CPU.Build.0 = Release|Any CPU
		{19535702-F1D9-420B-BF3B-2A585663F40F}.Debug|Any CPU.ActiveCfg = Debug|Any CPU
		{19535702-F1D9-420B-BF3B-2A585663F40F}.Debug|Any CPU.Build.0 = Debug|Any CPU
		{19535702-F1D9-420B-BF3B-2A585663F40F}.Release|Any CPU.ActiveCfg = Release|Any CPU
		{19535702-F1D9-420B-BF3B-2A585663F40F}.Release|Any CPU.Build.0 = Release|Any CPU
		{EFA9105F-F074-4257-8E8C-633B7DF7EBE8}.Debug|Any CPU.ActiveCfg = Debug|Any CPU
		{EFA9105F-F074-4257-8E8C-633B7DF7EBE8}.Debug|Any CPU.Build.0 = Debug|Any CPU
		{EFA9105F-F074-4257-8E8C-633B7DF7EBE8}.Release|Any CPU.ActiveCfg = Release|Any CPU
		{EFA9105F-F074-4257-8E8C-633B7DF7EBE8}.Release|Any CPU.Build.0 = Release|Any CPU
		{19671559-E4BD-49C3-AF13-AEAB2EA0D48B}.Debug|Any CPU.ActiveCfg = Debug|Any CPU
		{19671559-E4BD-49C3-AF13-AEAB2EA0D48B}.Debug|Any CPU.Build.0 = Debug|Any CPU
		{19671559-E4BD-49C3-AF13-AEAB2EA0D48B}.Release|Any CPU.ActiveCfg = Release|Any CPU
		{19671559-E4BD-49C3-AF13-AEAB2EA0D48B}.Release|Any CPU.Build.0 = Release|Any CPU
		{932E98CC-50B8-4CA1-9080-B55627A07E97}.Debug|Any CPU.ActiveCfg = Debug|Any CPU
		{932E98CC-50B8-4CA1-9080-B55627A07E97}.Debug|Any CPU.Build.0 = Debug|Any CPU
		{932E98CC-50B8-4CA1-9080-B55627A07E97}.Release|Any CPU.ActiveCfg = Release|Any CPU
		{932E98CC-50B8-4CA1-9080-B55627A07E97}.Release|Any CPU.Build.0 = Release|Any CPU
		{47133552-BF81-44E4-B127-8256D97EA695}.Debug|Any CPU.ActiveCfg = Debug|Any CPU
		{47133552-BF81-44E4-B127-8256D97EA695}.Debug|Any CPU.Build.0 = Debug|Any CPU
		{47133552-BF81-44E4-B127-8256D97EA695}.Release|Any CPU.ActiveCfg = Release|Any CPU
		{47133552-BF81-44E4-B127-8256D97EA695}.Release|Any CPU.Build.0 = Release|Any CPU
		{0050C106-97E3-40BD-8C2C-34503B5757DF}.Debug|Any CPU.ActiveCfg = Debug|Any CPU
		{0050C106-97E3-40BD-8C2C-34503B5757DF}.Debug|Any CPU.Build.0 = Debug|Any CPU
		{0050C106-97E3-40BD-8C2C-34503B5757DF}.Release|Any CPU.ActiveCfg = Release|Any CPU
		{0050C106-97E3-40BD-8C2C-34503B5757DF}.Release|Any CPU.Build.0 = Release|Any CPU
		{09853D11-38D0-4DCD-9138-56C1754EEECD}.Debug|Any CPU.ActiveCfg = Debug|Any CPU
		{09853D11-38D0-4DCD-9138-56C1754EEECD}.Debug|Any CPU.Build.0 = Debug|Any CPU
		{09853D11-38D0-4DCD-9138-56C1754EEECD}.Release|Any CPU.ActiveCfg = Release|Any CPU
		{09853D11-38D0-4DCD-9138-56C1754EEECD}.Release|Any CPU.Build.0 = Release|Any CPU
		{F75AA225-432E-4A10-8017-75274673E80C}.Debug|Any CPU.ActiveCfg = Debug|Any CPU
		{F75AA225-432E-4A10-8017-75274673E80C}.Debug|Any CPU.Build.0 = Debug|Any CPU
		{F75AA225-432E-4A10-8017-75274673E80C}.Release|Any CPU.ActiveCfg = Release|Any CPU
		{F75AA225-432E-4A10-8017-75274673E80C}.Release|Any CPU.Build.0 = Release|Any CPU
		{AD031F2B-498F-490B-AF1E-67DE43F75AC4}.Debug|Any CPU.ActiveCfg = Debug|Any CPU
		{AD031F2B-498F-490B-AF1E-67DE43F75AC4}.Debug|Any CPU.Build.0 = Debug|Any CPU
		{AD031F2B-498F-490B-AF1E-67DE43F75AC4}.Release|Any CPU.ActiveCfg = Release|Any CPU
		{AD031F2B-498F-490B-AF1E-67DE43F75AC4}.Release|Any CPU.Build.0 = Release|Any CPU
		{5148840D-7E3E-4BC9-A098-EF46999750C1}.Debug|Any CPU.ActiveCfg = Debug|Any CPU
		{5148840D-7E3E-4BC9-A098-EF46999750C1}.Debug|Any CPU.Build.0 = Debug|Any CPU
		{5148840D-7E3E-4BC9-A098-EF46999750C1}.Release|Any CPU.ActiveCfg = Release|Any CPU
		{5148840D-7E3E-4BC9-A098-EF46999750C1}.Release|Any CPU.Build.0 = Release|Any CPU
		{8C91F090-0028-4A78-AD5E-523BBFD4A936}.Debug|Any CPU.ActiveCfg = Debug|Any CPU
		{8C91F090-0028-4A78-AD5E-523BBFD4A936}.Debug|Any CPU.Build.0 = Debug|Any CPU
		{8C91F090-0028-4A78-AD5E-523BBFD4A936}.Release|Any CPU.ActiveCfg = Release|Any CPU
		{8C91F090-0028-4A78-AD5E-523BBFD4A936}.Release|Any CPU.Build.0 = Release|Any CPU
		{901F926B-6BA1-4D7F-97D5-F464BDF58113}.Debug|Any CPU.ActiveCfg = Debug|Any CPU
		{901F926B-6BA1-4D7F-97D5-F464BDF58113}.Debug|Any CPU.Build.0 = Debug|Any CPU
		{901F926B-6BA1-4D7F-97D5-F464BDF58113}.Release|Any CPU.ActiveCfg = Release|Any CPU
		{901F926B-6BA1-4D7F-97D5-F464BDF58113}.Release|Any CPU.Build.0 = Release|Any CPU
		{56C38938-070C-46CD-A9A2-812D0389A527}.Debug|Any CPU.ActiveCfg = Debug|Any CPU
		{56C38938-070C-46CD-A9A2-812D0389A527}.Debug|Any CPU.Build.0 = Debug|Any CPU
		{56C38938-070C-46CD-A9A2-812D0389A527}.Release|Any CPU.ActiveCfg = Release|Any CPU
		{56C38938-070C-46CD-A9A2-812D0389A527}.Release|Any CPU.Build.0 = Release|Any CPU
		{B8BD211C-D29B-4763-8780-B8C1AB7CA867}.Debug|Any CPU.ActiveCfg = Debug|Any CPU
		{B8BD211C-D29B-4763-8780-B8C1AB7CA867}.Debug|Any CPU.Build.0 = Debug|Any CPU
		{B8BD211C-D29B-4763-8780-B8C1AB7CA867}.Release|Any CPU.ActiveCfg = Release|Any CPU
		{B8BD211C-D29B-4763-8780-B8C1AB7CA867}.Release|Any CPU.Build.0 = Release|Any CPU
		{15686F8D-528D-4525-AB4C-920356A9FAF7}.Debug|Any CPU.ActiveCfg = Debug|Any CPU
		{15686F8D-528D-4525-AB4C-920356A9FAF7}.Debug|Any CPU.Build.0 = Debug|Any CPU
		{15686F8D-528D-4525-AB4C-920356A9FAF7}.Release|Any CPU.ActiveCfg = Release|Any CPU
		{15686F8D-528D-4525-AB4C-920356A9FAF7}.Release|Any CPU.Build.0 = Release|Any CPU
	EndGlobalSection
	GlobalSection(SolutionProperties) = preSolution
		HideSolutionNode = FALSE
	EndGlobalSection
	GlobalSection(NestedProjects) = preSolution
		{F474FF36-0A30-455E-9A10-A1615E3604D4} = {DC60318D-AFF7-4099-A3E2-AF78BDEE194A}
		{B0CC48AC-6E34-4D91-AF0C-F63FCDC17900} = {F474FF36-0A30-455E-9A10-A1615E3604D4}
		{2F29487D-C4AD-4CD9-9969-6080D2F910B8} = {F474FF36-0A30-455E-9A10-A1615E3604D4}
		{4C5192B7-2F5D-4513-B8BA-66A5A5FA6EF8} = {F474FF36-0A30-455E-9A10-A1615E3604D4}
		{6DFD3670-466E-491E-B1D2-173621722A11} = {F474FF36-0A30-455E-9A10-A1615E3604D4}
		{19535702-F1D9-420B-BF3B-2A585663F40F} = {F474FF36-0A30-455E-9A10-A1615E3604D4}
		{EFA9105F-F074-4257-8E8C-633B7DF7EBE8} = {F474FF36-0A30-455E-9A10-A1615E3604D4}
		{19671559-E4BD-49C3-AF13-AEAB2EA0D48B} = {F474FF36-0A30-455E-9A10-A1615E3604D4}
		{5E739A12-4175-4DB9-8094-8EB9BE7CA7F7} = {DC60318D-AFF7-4099-A3E2-AF78BDEE194A}
		{AB70869A-91DF-4285-BAB9-6836A68E5F7A} = {DC60318D-AFF7-4099-A3E2-AF78BDEE194A}
		{932E98CC-50B8-4CA1-9080-B55627A07E97} = {AB70869A-91DF-4285-BAB9-6836A68E5F7A}
		{47133552-BF81-44E4-B127-8256D97EA695} = {AB70869A-91DF-4285-BAB9-6836A68E5F7A}
		{0050C106-97E3-40BD-8C2C-34503B5757DF} = {43DFCA07-D86F-472B-AF59-B979DC9C948C}
		{09853D11-38D0-4DCD-9138-56C1754EEECD} = {5E739A12-4175-4DB9-8094-8EB9BE7CA7F7}
		{F75AA225-432E-4A10-8017-75274673E80C} = {5E739A12-4175-4DB9-8094-8EB9BE7CA7F7}
		{AD031F2B-498F-490B-AF1E-67DE43F75AC4} = {5E739A12-4175-4DB9-8094-8EB9BE7CA7F7}
		{5148840D-7E3E-4BC9-A098-EF46999750C1} = {5E739A12-4175-4DB9-8094-8EB9BE7CA7F7}
		{8C91F090-0028-4A78-AD5E-523BBFD4A936} = {F474FF36-0A30-455E-9A10-A1615E3604D4}
		{901F926B-6BA1-4D7F-97D5-F464BDF58113} = {F474FF36-0A30-455E-9A10-A1615E3604D4}
		{DB906BCE-DF5E-48A4-B2D0-78EBD504EE08} = {DC60318D-AFF7-4099-A3E2-AF78BDEE194A}
		{56C38938-070C-46CD-A9A2-812D0389A527} = {DB906BCE-DF5E-48A4-B2D0-78EBD504EE08}
		{B8BD211C-D29B-4763-8780-B8C1AB7CA867} = {DB906BCE-DF5E-48A4-B2D0-78EBD504EE08}
		{15686F8D-528D-4525-AB4C-920356A9FAF7} = {DB906BCE-DF5E-48A4-B2D0-78EBD504EE08}
	EndGlobalSection
	GlobalSection(ExtensibilityGlobals) = postSolution
		SolutionGuid = {A39D1D72-5614-4CCF-B7AD-923E4DC3F452}
	EndGlobalSection
EndGlobal
